
Microsoft Visual Studio Solution File, Format Version 12.00
# Visual Studio 15
VisualStudioVersion = 15.0.28307.271
MinimumVisualStudioVersion = 10.0.40219.1
Project("{FAE04EC0-301F-11D3-BF4B-00C04F79EFBC}") = "ACM.BL", "ACM.BL\ACM.BL.csproj", "{9E83C133-325B-4F2E-A576-DBE94D1268BB}"
EndProject
Project("{2150E333-8FDC-42A3-9474-1A3956D46DE8}") = "Tests", "Tests", "{3BE90661-61D4-43FC-A4DA-22B319CE1A48}"
EndProject
Project("{FAE04EC0-301F-11D3-BF4B-00C04F79EFBC}") = "ACM.BLTest", "Tests\ACM.BLTest\ACM.BLTest.csproj", "{8672FA7F-D955-4A53-BC5D-CB15FD6B4F3E}"
EndProject
Project("{FAE04EC0-301F-11D3-BF4B-00C04F79EFBC}") = "Acme.Common", "Acme.Common\Acme.Common.csproj", "{7509E8F9-6FED-4002-8F48-71B94AFB0FE5}"
EndProject
Project("{FAE04EC0-301F-11D3-BF4B-00C04F79EFBC}") = "Acme.CommonTest", "Tests\Acme.CommonTest\Acme.CommonTest.csproj", "{660F4E67-57C6-4D4D-A255-C3D96BD50301}"
EndProject
Global
	GlobalSection(SolutionConfigurationPlatforms) = preSolution
		Debug|Any CPU = Debug|Any CPU
		Release|Any CPU = Release|Any CPU
	EndGlobalSection
	GlobalSection(ProjectConfigurationPlatforms) = postSolution
		{9E83C133-325B-4F2E-A576-DBE94D1268BB}.Debug|Any CPU.ActiveCfg = Debug|Any CPU
		{9E83C133-325B-4F2E-A576-DBE94D1268BB}.Debug|Any CPU.Build.0 = Debug|Any CPU
		{9E83C133-325B-4F2E-A576-DBE94D1268BB}.Release|Any CPU.ActiveCfg = Release|Any CPU
		{9E83C133-325B-4F2E-A576-DBE94D1268BB}.Release|Any CPU.Build.0 = Release|Any CPU
		{8672FA7F-D955-4A53-BC5D-CB15FD6B4F3E}.Debug|Any CPU.ActiveCfg = Debug|Any CPU
		{8672FA7F-D955-4A53-BC5D-CB15FD6B4F3E}.Debug|Any CPU.Build.0 = Debug|Any CPU
		{8672FA7F-D955-4A53-BC5D-CB15FD6B4F3E}.Release|Any CPU.ActiveCfg = Release|Any CPU
		{8672FA7F-D955-4A53-BC5D-CB15FD6B4F3E}.Release|Any CPU.Build.0 = Release|Any CPU
		{7509E8F9-6FED-4002-8F48-71B94AFB0FE5}.Debug|Any CPU.ActiveCfg = Debug|Any CPU
		{7509E8F9-6FED-4002-8F48-71B94AFB0FE5}.Debug|Any CPU.Build.0 = Debug|Any CPU
		{7509E8F9-6FED-4002-8F48-71B94AFB0FE5}.Release|Any CPU.ActiveCfg = Release|Any CPU
		{7509E8F9-6FED-4002-8F48-71B94AFB0FE5}.Release|Any CPU.Build.0 = Release|Any CPU
		{660F4E67-57C6-4D4D-A255-C3D96BD50301}.Debug|Any CPU.ActiveCfg = Debug|Any CPU
		{660F4E67-57C6-4D4D-A255-C3D96BD50301}.Debug|Any CPU.Build.0 = Debug|Any CPU
		{660F4E67-57C6-4D4D-A255-C3D96BD50301}.Release|Any CPU.ActiveCfg = Release|Any CPU
		{660F4E67-57C6-4D4D-A255-C3D96BD50301}.Release|Any CPU.Build.0 = Release|Any CPU
	EndGlobalSection
	GlobalSection(SolutionProperties) = preSolution
		HideSolutionNode = FALSE
	EndGlobalSection
	GlobalSection(NestedProjects) = preSolution
		{8672FA7F-D955-4A53-BC5D-CB15FD6B4F3E} = {3BE90661-61D4-43FC-A4DA-22B319CE1A48}
		{660F4E67-57C6-4D4D-A255-C3D96BD50301} = {3BE90661-61D4-43FC-A4DA-22B319CE1A48}
	EndGlobalSection
	GlobalSection(ExtensibilityGlobals) = postSolution
		SolutionGuid = {1E0420EE-7F65-4A0B-B96E-94B46F568BC2}
	EndGlobalSection
EndGlobal
